
Microsoft Visual Studio Solution File, Format Version 12.00
# Visual Studio 2013
VisualStudioVersion = 12.0.21005.1
MinimumVisualStudioVersion = 10.0.40219.1
Project("{FAE04EC0-301F-11D3-BF4B-00C04F79EFBC}") = "Mercraft.Maps.Osm", "Mercraft.Maps.Osm\Mercraft.Maps.Osm.csproj", "{F07AF685-2554-4032-A35F-BB6D5632F1C2}"
EndProject
Project("{2150E333-8FDC-42A3-9474-1A3956D46DE8}") = "Tests", "Tests", "{1E40FAD0-809C-4A20-A8CB-8CBBB5EE985E}"
EndProject
Project("{FAE04EC0-301F-11D3-BF4B-00C04F79EFBC}") = "Mercraft.Maps.UnitTests", "Tests\Mercraft.Maps.UnitTests\Mercraft.Maps.UnitTests.csproj", "{427274F0-276E-401B-960C-D78DDAF24B5B}"
EndProject
Project("{2150E333-8FDC-42A3-9474-1A3956D46DE8}") = ".nuget", ".nuget", "{8B8DA006-D77B-405B-AF59-2EE6B3A54D51}"
	ProjectSection(SolutionItems) = preProject
		.nuget\NuGet.Config = .nuget\NuGet.Config
		.nuget\NuGet.exe = .nuget\NuGet.exe
		.nuget\NuGet.targets = .nuget\NuGet.targets
	EndProjectSection
EndProject
Project("{2150E333-8FDC-42A3-9474-1A3956D46DE8}") = "Maps", "Maps", "{EDF7B2E6-FC44-4AAD-A32B-45D85BA07718}"
EndProject
Project("{FAE04EC0-301F-11D3-BF4B-00C04F79EFBC}") = "Mercraft.Maps.Core", "Mercraft.Maps.Core\Mercraft.Maps.Core.csproj", "{7CB16489-62EE-4E10-8FF3-D4E1DA70CC14}"
EndProject
Project("{2150E333-8FDC-42A3-9474-1A3956D46DE8}") = "TestAssets", "TestAssets", "{4EF881B0-6969-41C3-A859-BF5B36A47082}"
	ProjectSection(SolutionItems) = preProject
		Tests\TestAssets\berlin_house.osm.xml = Tests\TestAssets\berlin_house.osm.xml
		Tests\TestAssets\kempen.osm.pbf = Tests\TestAssets\kempen.osm.pbf
	EndProjectSection
EndProject
Project("{FAE04EC0-301F-11D3-BF4B-00C04F79EFBC}") = "Mercraft.Math", "Mercraft.Math\Mercraft.Math.csproj", "{27C40E91-30D0-4290-B489-8CD1B306A125}"
EndProject
Project("{FAE04EC0-301F-11D3-BF4B-00C04F79EFBC}") = "Mercraft.Models", "Mercraft.Models\Mercraft.Models.csproj", "{78C3B696-0486-41F9-BA24-5E85F417D98F}"
EndProject
Global
	GlobalSection(SolutionConfigurationPlatforms) = preSolution
		Debug|Any CPU = Debug|Any CPU
		Release|Any CPU = Release|Any CPU
	EndGlobalSection
	GlobalSection(ProjectConfigurationPlatforms) = postSolution
		{F07AF685-2554-4032-A35F-BB6D5632F1C2}.Debug|Any CPU.ActiveCfg = Debug|Any CPU
		{F07AF685-2554-4032-A35F-BB6D5632F1C2}.Debug|Any CPU.Build.0 = Debug|Any CPU
		{F07AF685-2554-4032-A35F-BB6D5632F1C2}.Release|Any CPU.ActiveCfg = Release|Any CPU
		{F07AF685-2554-4032-A35F-BB6D5632F1C2}.Release|Any CPU.Build.0 = Release|Any CPU
		{427274F0-276E-401B-960C-D78DDAF24B5B}.Debug|Any CPU.ActiveCfg = Debug|Any CPU
		{427274F0-276E-401B-960C-D78DDAF24B5B}.Debug|Any CPU.Build.0 = Debug|Any CPU
		{427274F0-276E-401B-960C-D78DDAF24B5B}.Release|Any CPU.ActiveCfg = Release|Any CPU
		{427274F0-276E-401B-960C-D78DDAF24B5B}.Release|Any CPU.Build.0 = Release|Any CPU
		{7CB16489-62EE-4E10-8FF3-D4E1DA70CC14}.Debug|Any CPU.ActiveCfg = Debug|Any CPU
		{7CB16489-62EE-4E10-8FF3-D4E1DA70CC14}.Debug|Any CPU.Build.0 = Debug|Any CPU
		{7CB16489-62EE-4E10-8FF3-D4E1DA70CC14}.Release|Any CPU.ActiveCfg = Release|Any CPU
		{7CB16489-62EE-4E10-8FF3-D4E1DA70CC14}.Release|Any CPU.Build.0 = Release|Any CPU
		{27C40E91-30D0-4290-B489-8CD1B306A125}.Debug|Any CPU.ActiveCfg = Debug|Any CPU
		{27C40E91-30D0-4290-B489-8CD1B306A125}.Debug|Any CPU.Build.0 = Debug|Any CPU
		{27C40E91-30D0-4290-B489-8CD1B306A125}.Release|Any CPU.ActiveCfg = Release|Any CPU
		{27C40E91-30D0-4290-B489-8CD1B306A125}.Release|Any CPU.Build.0 = Release|Any CPU
		{78C3B696-0486-41F9-BA24-5E85F417D98F}.Debug|Any CPU.ActiveCfg = Debug|Any CPU
		{78C3B696-0486-41F9-BA24-5E85F417D98F}.Debug|Any CPU.Build.0 = Debug|Any CPU
		{78C3B696-0486-41F9-BA24-5E85F417D98F}.Release|Any CPU.ActiveCfg = Release|Any CPU
		{78C3B696-0486-41F9-BA24-5E85F417D98F}.Release|Any CPU.Build.0 = Release|Any CPU
	EndGlobalSection
	GlobalSection(SolutionProperties) = preSolution
		HideSolutionNode = FALSE
	EndGlobalSection
	GlobalSection(NestedProjects) = preSolution
		{F07AF685-2554-4032-A35F-BB6D5632F1C2} = {EDF7B2E6-FC44-4AAD-A32B-45D85BA07718}
		{7CB16489-62EE-4E10-8FF3-D4E1DA70CC14} = {EDF7B2E6-FC44-4AAD-A32B-45D85BA07718}
		{427274F0-276E-401B-960C-D78DDAF24B5B} = {1E40FAD0-809C-4A20-A8CB-8CBBB5EE985E}
		{4EF881B0-6969-41C3-A859-BF5B36A47082} = {1E40FAD0-809C-4A20-A8CB-8CBBB5EE985E}
	EndGlobalSection
EndGlobal
